
Microsoft Visual Studio Solution File, Format Version 12.00
# Visual Studio Version 17
VisualStudioVersion = 17.12.35527.113 d17.12
MinimumVisualStudioVersion = 10.0.40219.1
Project("{FAE04EC0-301F-11D3-BF4B-00C04F79EFBC}") = "WarehouseManagementAPI", "WarehouseManagementAPI.csproj", "{54852E18-DCF1-49F4-BDAA-85B8B78976CE}"
EndProject
Project("{FAE04EC0-301F-11D3-BF4B-00C04F79EFBC}") = "WarehouseClient", "WarehouseClient\WarehouseClient.csproj", "{FFBAFD7C-8E0E-46AE-86A9-F71D0E78A01E}"
EndProject
Global
	GlobalSection(SolutionConfigurationPlatforms) = preSolution
		Debug|Any CPU = Debug|Any CPU
		Release|Any CPU = Release|Any CPU
	EndGlobalSection
	GlobalSection(ProjectConfigurationPlatforms) = postSolution
		{54852E18-DCF1-49F4-BDAA-85B8B78976CE}.Debug|Any CPU.ActiveCfg = Debug|Any CPU
		{54852E18-DCF1-49F4-BDAA-85B8B78976CE}.Debug|Any CPU.Build.0 = Debug|Any CPU
		{54852E18-DCF1-49F4-BDAA-85B8B78976CE}.Release|Any CPU.ActiveCfg = Release|Any CPU
		{54852E18-DCF1-49F4-BDAA-85B8B78976CE}.Release|Any CPU.Build.0 = Release|Any CPU
		{FFBAFD7C-8E0E-46AE-86A9-F71D0E78A01E}.Debug|Any CPU.ActiveCfg = Debug|Any CPU
		{FFBAFD7C-8E0E-46AE-86A9-F71D0E78A01E}.Debug|Any CPU.Build.0 = Debug|Any CPU
		{FFBAFD7C-8E0E-46AE-86A9-F71D0E78A01E}.Release|Any CPU.ActiveCfg = Release|Any CPU
		{FFBAFD7C-8E0E-46AE-86A9-F71D0E78A01E}.Release|Any CPU.Build.0 = Release|Any CPU
	EndGlobalSection
	GlobalSection(SolutionProperties) = preSolution
		HideSolutionNode = FALSE
	EndGlobalSection
EndGlobal
